
Microsoft Visual Studio Solution File, Format Version 12.00
# Visual Studio 15
VisualStudioVersion = 15.0.28010.2046
MinimumVisualStudioVersion = 10.0.40219.1
Project("{FAE04EC0-301F-11D3-BF4B-00C04F79EFBC}") = "login", "login\login.csproj", "{4FB4C349-AFBF-42D7-B229-7C8FA2C5CAB6}"
EndProject
Project("{FAE04EC0-301F-11D3-BF4B-00C04F79EFBC}") = "login3", "login3\login3.csproj", "{C6AFD6D0-223C-4777-AAFA-AAAB7603721E}"
EndProject
Global
	GlobalSection(SolutionConfigurationPlatforms) = preSolution
		Debug|Any CPU = Debug|Any CPU
		Release|Any CPU = Release|Any CPU
	EndGlobalSection
	GlobalSection(ProjectConfigurationPlatforms) = postSolution
		{4FB4C349-AFBF-42D7-B229-7C8FA2C5CAB6}.Debug|Any CPU.ActiveCfg = Debug|Any CPU
		{4FB4C349-AFBF-42D7-B229-7C8FA2C5CAB6}.Debug|Any CPU.Build.0 = Debug|Any CPU
		{4FB4C349-AFBF-42D7-B229-7C8FA2C5CAB6}.Release|Any CPU.ActiveCfg = Release|Any CPU
		{4FB4C349-AFBF-42D7-B229-7C8FA2C5CAB6}.Release|Any CPU.Build.0 = Release|Any CPU
		{C6AFD6D0-223C-4777-AAFA-AAAB7603721E}.Debug|Any CPU.ActiveCfg = Debug|Any CPU
		{C6AFD6D0-223C-4777-AAFA-AAAB7603721E}.Debug|Any CPU.Build.0 = Debug|Any CPU
		{C6AFD6D0-223C-4777-AAFA-AAAB7603721E}.Release|Any CPU.ActiveCfg = Release|Any CPU
		{C6AFD6D0-223C-4777-AAFA-AAAB7603721E}.Release|Any CPU.Build.0 = Release|Any CPU
	EndGlobalSection
	GlobalSection(SolutionProperties) = preSolution
		HideSolutionNode = FALSE
	EndGlobalSection
	GlobalSection(ExtensibilityGlobals) = postSolution
		SolutionGuid = {D424AB94-2052-4345-BB50-6224E4A84E7D}
	EndGlobalSection
EndGlobal
